{
  "name": "ai-job-automation",
  "version": "1.0.0",
  "lockfileVersion": 3,
  "requires": true,
  "packages": {
    "": {
      "name": "ai-job-automation",
      "version": "1.0.0",
      "dependencies": {
        "nuxt": "^3.0.0"
      },
      "devDependencies": {
        "@nuxt/devtools": "latest"
      }
    },
    "node_modules/@nuxt/devtools": {
      "version": "1.3.9",
      "resolved": "https://registry.npmjs.org/@nuxt/devtools/-/devtools-1.3.9.tgz",
      "integrity": "sha512-dUPwRVPgKK2bTJhCYSqR8nwzIIBVBHW8f0rn8B3VqV4GUoP4yZ2GzXpQLvHtKlRzSzXyRKqV2LyFjwZx8dU+Q==",
      "peerDependencies": {
        "nuxt": "^3.0.0"
      }
    },
    "node_modules/nuxt": {
      "version": "3.13.2",
      "resolved": "https://registry.npmjs.org/nuxt/-/nuxt-3.13.2.tgz",
      "integrity": "sha512-5vF4AQfJpz9w4hFB0PqWnYy7kzHkzFHgDn0MHNVZ3eQr8PfLQqI8Q5k8X1DxVKXE3bKsC5XyQ7VsKFmGFXYKg==",
      "bin": {
        "nuxt": "dist/cli.mjs"
      },
      "engines": {
        "node": "^14.16.0 || >=16.11.0"
      },
      "peerDependencies": {
        "@nuxt/devtools": "latest"
      },
      "peerDependenciesMeta": {
        "@nuxt/devtools": {
          "optional": true
        }
      }
    }
  }
}
